
Microsoft Visual Studio Solution File, Format Version 12.00
# Visual Studio 15
Project("{FAE04EC0-301F-11D3-BF4B-00C04F79EFBC}") = "Assembly-CSharp", "Assembly-CSharp.csproj", "{CCA78CFC-5B4D-331D-3670-3DA784BB0EB4}"
EndProject
Project("{FAE04EC0-301F-11D3-BF4B-00C04F79EFBC}") = "Assembly-CSharp-Editor", "Assembly-CSharp-Editor.csproj", "{0A4D6AE5-1A50-3666-93B7-FF00B3C4A468}"
EndProject
Global
	GlobalSection(SolutionConfigurationPlatforms) = preSolution
		Debug|Any CPU = Debug|Any CPU
		Release|Any CPU = Release|Any CPU
	EndGlobalSection
	GlobalSection(ProjectConfigurationPlatforms) = postSolution
		{CCA78CFC-5B4D-331D-3670-3DA784BB0EB4}.Debug|Any CPU.ActiveCfg = Debug|Any CPU
		{CCA78CFC-5B4D-331D-3670-3DA784BB0EB4}.Debug|Any CPU.Build.0 = Debug|Any CPU
		{CCA78CFC-5B4D-331D-3670-3DA784BB0EB4}.Release|Any CPU.ActiveCfg = Release|Any CPU
		{CCA78CFC-5B4D-331D-3670-3DA784BB0EB4}.Release|Any CPU.Build.0 = Release|Any CPU
		{0A4D6AE5-1A50-3666-93B7-FF00B3C4A468}.Debug|Any CPU.ActiveCfg = Debug|Any CPU
		{0A4D6AE5-1A50-3666-93B7-FF00B3C4A468}.Debug|Any CPU.Build.0 = Debug|Any CPU
		{0A4D6AE5-1A50-3666-93B7-FF00B3C4A468}.Release|Any CPU.ActiveCfg = Release|Any CPU
		{0A4D6AE5-1A50-3666-93B7-FF00B3C4A468}.Release|Any CPU.Build.0 = Release|Any CPU
	EndGlobalSection
	GlobalSection(SolutionProperties) = preSolution
		HideSolutionNode = FALSE
	EndGlobalSection
EndGlobal
